dependencies:
- name: voting
  repository: file://charts/voting
  version: 0.1.0
- name: result
  repository: file://charts/result
  version: 0.1.0
- name: worker
  repository: file://charts/worker
  version: 0.1.0
- name: redis
  repository: https://charts.bitnami.com/bitnami
  version: 18.3.2
- name: postgresql
  repository: https://charts.bitnami.com/bitnami
  version: 15.2.5
digest: sha256:dffea231aa338c2d6e768fcf5c6b7f7bfeb6d52169a6cd696478f0124374c2b6
generated: "2025-06-27T11:14:17.6564663+02:00"
